// !$*UTF8*$!
{
	archiveVersion = 1;
	classes = {
	};
	objectVersion = 56;
	objects = {

/* Begin PBXBuildFile section */
		1C99F23B382E667752849816 /* Pods_MyMovieApp.framework in Frameworks */ = {isa = PBXBuildFile; fileRef = 44A40530851C2B8D824FEB0E /* Pods_MyMovieApp.framework */; };
		970155C82B2809660007BD9F /* ErrorView.swift in Sources */ = {isa = PBXBuildFile; fileRef = 970155C72B2809660007BD9F /* ErrorView.swift */; };
		9738F9092B277B7B00B9962D /* MovieListViewModelTests.swift in Sources */ = {isa = PBXBuildFile; fileRef = 9738F9082B277B7B00B9962D /* MovieListViewModelTests.swift */; };
		9770B7A52B27B54800E796BF /* MovieDetailViewTests.swift in Sources */ = {isa = PBXBuildFile; fileRef = 9770B7A42B27B54800E796BF /* MovieDetailViewTests.swift */; };
		9770B7A82B27B59400E796BF /* MockMovieService.swift in Sources */ = {isa = PBXBuildFile; fileRef = 9770B7A72B27B59400E796BF /* MockMovieService.swift */; };
		97A3CCC22B2633CC000C1EB3 /* SearchBar.swift in Sources */ = {isa = PBXBuildFile; fileRef = 97A3CCC12B2633CC000C1EB3 /* SearchBar.swift */; };
		97A3CCC42B268C66000C1EB3 /* MovieDetailViewModel.swift in Sources */ = {isa = PBXBuildFile; fileRef = 97A3CCC32B268C66000C1EB3 /* MovieDetailViewModel.swift */; };
		97A47BD52B2413E600E45296 /* MyMovieApp.swift in Sources */ = {isa = PBXBuildFile; fileRef = 97A47BD42B2413E600E45296 /* MyMovieApp.swift */; };
		97A47BD92B2413EA00E45296 /* Assets.xcassets in Resources */ = {isa = PBXBuildFile; fileRef = 97A47BD82B2413EA00E45296 /* Assets.xcassets */; };
		97A47BDC2B2413EA00E45296 /* Preview Assets.xcassets in Resources */ = {isa = PBXBuildFile; fileRef = 97A47BDB2B2413EA00E45296 /* Preview Assets.xcassets */; };
		97A47BE62B2413EA00E45296 /* MyMovieAppTests.swift in Sources */ = {isa = PBXBuildFile; fileRef = 97A47BE52B2413EA00E45296 /* MyMovieAppTests.swift */; };
		97A47BF02B2413EA00E45296 /* MyMovieAppUITests.swift in Sources */ = {isa = PBXBuildFile; fileRef = 97A47BEF2B2413EA00E45296 /* MyMovieAppUITests.swift */; };
		97A47BF22B2413EA00E45296 /* MyMovieAppUITestsLaunchTests.swift in Sources */ = {isa = PBXBuildFile; fileRef = 97A47BF12B2413EA00E45296 /* MyMovieAppUITestsLaunchTests.swift */; };
		97A47C012B24147D00E45296 /* SceneDelegate.swift in Sources */ = {isa = PBXBuildFile; fileRef = 97A47C002B24147D00E45296 /* SceneDelegate.swift */; };
		97A47C112B2414F500E45296 /* MovieListViewModel.swift in Sources */ = {isa = PBXBuildFile; fileRef = 97A47C102B2414F500E45296 /* MovieListViewModel.swift */; };
		97A47C132B24150B00E45296 /* MovieListView.swift in Sources */ = {isa = PBXBuildFile; fileRef = 97A47C122B24150B00E45296 /* MovieListView.swift */; };
		97A47C152B24151200E45296 /* MovieListItemView.swift in Sources */ = {isa = PBXBuildFile; fileRef = 97A47C142B24151200E45296 /* MovieListItemView.swift */; };
		97A47C172B24151C00E45296 /* MoviePosterView.swift in Sources */ = {isa = PBXBuildFile; fileRef = 97A47C162B24151C00E45296 /* MoviePosterView.swift */; };
		97A47C192B24152900E45296 /* MovieDetailView.swift in Sources */ = {isa = PBXBuildFile; fileRef = 97A47C182B24152900E45296 /* MovieDetailView.swift */; };
		F01579CC82CB401A64148DD9 /* Pods_MyMovieApp_MyMovieAppUITests.framework in Frameworks */ = {isa = PBXBuildFile; fileRef = 8CA2F0D739ED3DB9BDD4CABB /* Pods_MyMovieApp_MyMovieAppUITests.framework */; };
		F989A33D09C2E1A3B1B0EDDA /* Pods_MyMovieAppTests.framework in Frameworks */ = {isa = PBXBuildFile; fileRef = 65091746298C32FC9084BE07 /* Pods_MyMovieAppTests.framework */; };
/* End PBXBuildFile section */

/* Begin PBXContainerItemProxy section */
		97A47BE22B2413EA00E45296 /* PBXContainerItemProxy */ = {
			isa = PBXContainerItemProxy;
			containerPortal = 97A47BC92B2413E600E45296 /* Project object */;
			proxyType = 1;
			remoteGlobalIDString = 97A47BD02B2413E600E45296;
			remoteInfo = MyMovieApp;
		};
		97A47BEC2B2413EA00E45296 /* PBXContainerItemProxy */ = {
			isa = PBXContainerItemProxy;
			containerPortal = 97A47BC92B2413E600E45296 /* Project object */;
			proxyType = 1;
			remoteGlobalIDString = 97A47BD02B2413E600E45296;
			remoteInfo = MyMovieApp;
		};
/* End PBXContainerItemProxy section */

/* Begin PBXFileReference section */
		44A40530851C2B8D824FEB0E /* Pods_MyMovieApp.framework */ = {isa = PBXFileReference; explicitFileType = wrapper.framework; includeInIndex = 0; path = Pods_MyMovieApp.framework; sourceTree = BUILT_PRODUCTS_DIR; };
		56401E75647567E8D15F9FAB /* Pods-MyMovieApp.debug.xcconfig */ = {isa = PBXFileReference; includeInIndex = 1; lastKnownFileType = text.xcconfig; name = "Pods-MyMovieApp.debug.xcconfig"; path = "Target Support Files/Pods-MyMovieApp/Pods-MyMovieApp.debug.xcconfig"; sourceTree = "<group>"; };
		65091746298C32FC9084BE07 /* Pods_MyMovieAppTests.framework */ = {isa = PBXFileReference; explicitFileType = wrapper.framework; includeInIndex = 0; path = Pods_MyMovieAppTests.framework; sourceTree = BUILT_PRODUCTS_DIR; };
		6DC3BA30547081E8C49D1307 /* Pods-MyMovieApp-MyMovieAppUITests.release.xcconfig */ = {isa = PBXFileReference; includeInIndex = 1; lastKnownFileType = text.xcconfig; name = "Pods-MyMovieApp-MyMovieAppUITests.release.xcconfig"; path = "Target Support Files/Pods-MyMovieApp-MyMovieAppUITests/Pods-MyMovieApp-MyMovieAppUITests.release.xcconfig"; sourceTree = "<group>"; };
		8CA2F0D739ED3DB9BDD4CABB /* Pods_MyMovieApp_MyMovieAppUITests.framework */ = {isa = PBXFileReference; explicitFileType = wrapper.framework; includeInIndex = 0; path = Pods_MyMovieApp_MyMovieAppUITests.framework; sourceTree = BUILT_PRODUCTS_DIR; };
		970155C72B2809660007BD9F /* ErrorView.swift */ = {isa = PBXFileReference; lastKnownFileType = sourcecode.swift; path = ErrorView.swift; sourceTree = "<group>"; };
		9738F9082B277B7B00B9962D /* MovieListViewModelTests.swift */ = {isa = PBXFileReference; lastKnownFileType = sourcecode.swift; path = MovieListViewModelTests.swift; sourceTree = "<group>"; };
		9770B7A42B27B54800E796BF /* MovieDetailViewTests.swift */ = {isa = PBXFileReference; lastKnownFileType = sourcecode.swift; path = MovieDetailViewTests.swift; sourceTree = "<group>"; };
		9770B7A72B27B59400E796BF /* MockMovieService.swift */ = {isa = PBXFileReference; lastKnownFileType = sourcecode.swift; path = MockMovieService.swift; sourceTree = "<group>"; };
		97A3CCC12B2633CC000C1EB3 /* SearchBar.swift */ = {isa = PBXFileReference; lastKnownFileType = sourcecode.swift; path = SearchBar.swift; sourceTree = "<group>"; };
		97A3CCC32B268C66000C1EB3 /* MovieDetailViewModel.swift */ = {isa = PBXFileReference; lastKnownFileType = sourcecode.swift; path = MovieDetailViewModel.swift; sourceTree = "<group>"; };
		97A47BD12B2413E600E45296 /* MyMovieApp.app */ = {isa = PBXFileReference; explicitFileType = wrapper.application; includeInIndex = 0; path = MyMovieApp.app; sourceTree = BUILT_PRODUCTS_DIR; };
		97A47BD42B2413E600E45296 /* MyMovieApp.swift */ = {isa = PBXFileReference; lastKnownFileType = sourcecode.swift; path = MyMovieApp.swift; sourceTree = "<group>"; };
		97A47BD82B2413EA00E45296 /* Assets.xcassets */ = {isa = PBXFileReference; lastKnownFileType = folder.assetcatalog; path = Assets.xcassets; sourceTree = "<group>"; };
		97A47BDB2B2413EA00E45296 /* Preview Assets.xcassets */ = {isa = PBXFileReference; lastKnownFileType = folder.assetcatalog; path = "Preview Assets.xcassets"; sourceTree = "<group>"; };
		97A47BE12B2413EA00E45296 /* MyMovieAppTests.xctest */ = {isa = PBXFileReference; explicitFileType = wrapper.cfbundle; includeInIndex = 0; path = MyMovieAppTests.xctest; sourceTree = BUILT_PRODUCTS_DIR; };
		97A47BE52B2413EA00E45296 /* MyMovieAppTests.swift */ = {isa = PBXFileReference; lastKnownFileType = sourcecode.swift; path = MyMovieAppTests.swift; sourceTree = "<group>"; };
		97A47BEB2B2413EA00E45296 /* MyMovieAppUITests.xctest */ = {isa = PBXFileReference; explicitFileType = wrapper.cfbundle; includeInIndex = 0; path = MyMovieAppUITests.xctest; sourceTree = BUILT_PRODUCTS_DIR; };
		97A47BEF2B2413EA00E45296 /* MyMovieAppUITests.swift */ = {isa = PBXFileReference; lastKnownFileType = sourcecode.swift; path = MyMovieAppUITests.swift; sourceTree = "<group>"; };
		97A47BF12B2413EA00E45296 /* MyMovieAppUITestsLaunchTests.swift */ = {isa = PBXFileReference; lastKnownFileType = sourcecode.swift; path = MyMovieAppUITestsLaunchTests.swift; sourceTree = "<group>"; };
		97A47C002B24147D00E45296 /* SceneDelegate.swift */ = {isa = PBXFileReference; lastKnownFileType = sourcecode.swift; path = SceneDelegate.swift; sourceTree = "<group>"; };
		97A47C102B2414F500E45296 /* MovieListViewModel.swift */ = {isa = PBXFileReference; lastKnownFileType = sourcecode.swift; path = MovieListViewModel.swift; sourceTree = "<group>"; };
		97A47C122B24150B00E45296 /* MovieListView.swift */ = {isa = PBXFileReference; lastKnownFileType = sourcecode.swift; path = MovieListView.swift; sourceTree = "<group>"; };
		97A47C142B24151200E45296 /* MovieListItemView.swift */ = {isa = PBXFileReference; lastKnownFileType = sourcecode.swift; path = MovieListItemView.swift; sourceTree = "<group>"; };
		97A47C162B24151C00E45296 /* MoviePosterView.swift */ = {isa = PBXFileReference; lastKnownFileType = sourcecode.swift; path = MoviePosterView.swift; sourceTree = "<group>"; };
		97A47C182B24152900E45296 /* MovieDetailView.swift */ = {isa = PBXFileReference; lastKnownFileType = sourcecode.swift; path = MovieDetailView.swift; sourceTree = "<group>"; };
		A033175CB47713E4A4847485 /* Pods-MyMovieApp.release.xcconfig */ = {isa = PBXFileReference; includeInIndex = 1; lastKnownFileType = text.xcconfig; name = "Pods-MyMovieApp.release.xcconfig"; path = "Target Support Files/Pods-MyMovieApp/Pods-MyMovieApp.release.xcconfig"; sourceTree = "<group>"; };
		C0E6753D90689508058EDA48 /* Pods-MyMovieAppTests.release.xcconfig */ = {isa = PBXFileReference; includeInIndex = 1; lastKnownFileType = text.xcconfig; name = "Pods-MyMovieAppTests.release.xcconfig"; path = "Target Support Files/Pods-MyMovieAppTests/Pods-MyMovieAppTests.release.xcconfig"; sourceTree = "<group>"; };
		DECE077E7DAB02AC6AB2A558 /* Pods-MyMovieAppTests.debug.xcconfig */ = {isa = PBXFileReference; includeInIndex = 1; lastKnownFileType = text.xcconfig; name = "Pods-MyMovieAppTests.debug.xcconfig"; path = "Target Support Files/Pods-MyMovieAppTests/Pods-MyMovieAppTests.debug.xcconfig"; sourceTree = "<group>"; };
		FC08883242191436B60BA6B1 /* Pods-MyMovieApp-MyMovieAppUITests.debug.xcconfig */ = {isa = PBXFileReference; includeInIndex = 1; lastKnownFileType = text.xcconfig; name = "Pods-MyMovieApp-MyMovieAppUITests.debug.xcconfig"; path = "Target Support Files/Pods-MyMovieApp-MyMovieAppUITests/Pods-MyMovieApp-MyMovieAppUITests.debug.xcconfig"; sourceTree = "<group>"; };
/* End PBXFileReference section */

/* Begin PBXFrameworksBuildPhase section */
		97A47BCE2B2413E600E45296 /* Frameworks */ = {
			isa = PBXFrameworksBuildPhase;
			buildActionMask = 2147483647;
			files = (
				1C99F23B382E667752849816 /* Pods_MyMovieApp.framework in Frameworks */,
			);
			runOnlyForDeploymentPostprocessing = 0;
		};
		97A47BDE2B2413EA00E45296 /* Frameworks */ = {
			isa = PBXFrameworksBuildPhase;
			buildActionMask = 2147483647;
			files = (
				F989A33D09C2E1A3B1B0EDDA /* Pods_MyMovieAppTests.framework in Frameworks */,
			);
			runOnlyForDeploymentPostprocessing = 0;
		};
		97A47BE82B2413EA00E45296 /* Frameworks */ = {
			isa = PBXFrameworksBuildPhase;
			buildActionMask = 2147483647;
			files = (
				F01579CC82CB401A64148DD9 /* Pods_MyMovieApp_MyMovieAppUITests.framework in Frameworks */,
			);
			runOnlyForDeploymentPostprocessing = 0;
		};
/* End PBXFrameworksBuildPhase section */

/* Begin PBXGroup section */
		920C02ADD9A97602E4ECC5F5 /* Pods */ = {
			isa = PBXGroup;
			children = (
				56401E75647567E8D15F9FAB /* Pods-MyMovieApp.debug.xcconfig */,
				A033175CB47713E4A4847485 /* Pods-MyMovieApp.release.xcconfig */,
				FC08883242191436B60BA6B1 /* Pods-MyMovieApp-MyMovieAppUITests.debug.xcconfig */,
				6DC3BA30547081E8C49D1307 /* Pods-MyMovieApp-MyMovieAppUITests.release.xcconfig */,
				DECE077E7DAB02AC6AB2A558 /* Pods-MyMovieAppTests.debug.xcconfig */,
				C0E6753D90689508058EDA48 /* Pods-MyMovieAppTests.release.xcconfig */,
			);
			path = Pods;
			sourceTree = "<group>";
		};
		9770B7A62B27B58900E796BF /* Services */ = {
			isa = PBXGroup;
			children = (
				9770B7A72B27B59400E796BF /* MockMovieService.swift */,
			);
			path = Services;
			sourceTree = "<group>";
		};
		97A47BC82B2413E600E45296 = {
			isa = PBXGroup;
			children = (
				97A47BD32B2413E600E45296 /* MyMovieApp */,
				97A47BE42B2413EA00E45296 /* MyMovieAppTests */,
				97A47BEE2B2413EA00E45296 /* MyMovieAppUITests */,
				97A47BD22B2413E600E45296 /* Products */,
				920C02ADD9A97602E4ECC5F5 /* Pods */,
				999F6BBB5A9CCC5827877D79 /* Frameworks */,
			);
			sourceTree = "<group>";
		};
		97A47BD22B2413E600E45296 /* Products */ = {
			isa = PBXGroup;
			children = (
				97A47BD12B2413E600E45296 /* MyMovieApp.app */,
				97A47BE12B2413EA00E45296 /* MyMovieAppTests.xctest */,
				97A47BEB2B2413EA00E45296 /* MyMovieAppUITests.xctest */,
			);
			name = Products;
			sourceTree = "<group>";
		};
		97A47BD32B2413E600E45296 /* MyMovieApp */ = {
			isa = PBXGroup;
			children = (
				9770B7A62B27B58900E796BF /* Services */,
				97A47C0F2B2414EA00E45296 /* ViewModels */,
				97A47C0C2B2414C200E45296 /* Scenes */,
				97A47BFE2B2413FF00E45296 /* App */,
				97A47BD82B2413EA00E45296 /* Assets.xcassets */,
				97A47BDA2B2413EA00E45296 /* Preview Content */,
			);
			path = MyMovieApp;
			sourceTree = "<group>";
		};
		97A47BDA2B2413EA00E45296 /* Preview Content */ = {
			isa = PBXGroup;
			children = (
				97A47BDB2B2413EA00E45296 /* Preview Assets.xcassets */,
			);
			path = "Preview Content";
			sourceTree = "<group>";
		};
		97A47BE42B2413EA00E45296 /* MyMovieAppTests */ = {
			isa = PBXGroup;
			children = (
				97A47BE52B2413EA00E45296 /* MyMovieAppTests.swift */,
				9738F9082B277B7B00B9962D /* MovieListViewModelTests.swift */,
				9770B7A42B27B54800E796BF /* MovieDetailViewTests.swift */,
			);
			path = MyMovieAppTests;
			sourceTree = "<group>";
		};
		97A47BEE2B2413EA00E45296 /* MyMovieAppUITests */ = {
			isa = PBXGroup;
			children = (
				97A47BEF2B2413EA00E45296 /* MyMovieAppUITests.swift */,
				97A47BF12B2413EA00E45296 /* MyMovieAppUITestsLaunchTests.swift */,
			);
			path = MyMovieAppUITests;
			sourceTree = "<group>";
		};
		97A47BFE2B2413FF00E45296 /* App */ = {
			isa = PBXGroup;
			children = (
				97A47BD42B2413E600E45296 /* MyMovieApp.swift */,
				97A47C002B24147D00E45296 /* SceneDelegate.swift */,
			);
			path = App;
			sourceTree = "<group>";
		};
		97A47C0C2B2414C200E45296 /* Scenes */ = {
			isa = PBXGroup;
			children = (
				97A47C0E2B2414DE00E45296 /* MovieDetail */,
				97A47C0D2B2414D100E45296 /* MovieList */,
			);
			path = Scenes;
			sourceTree = "<group>";
		};
		97A47C0D2B2414D100E45296 /* MovieList */ = {
			isa = PBXGroup;
			children = (
				97A47C122B24150B00E45296 /* MovieListView.swift */,
				97A47C142B24151200E45296 /* MovieListItemView.swift */,
				97A47C162B24151C00E45296 /* MoviePosterView.swift */,
				97A3CCC12B2633CC000C1EB3 /* SearchBar.swift */,
				970155C72B2809660007BD9F /* ErrorView.swift */,
			);
			path = MovieList;
			sourceTree = "<group>";
		};
		97A47C0E2B2414DE00E45296 /* MovieDetail */ = {
			isa = PBXGroup;
			children = (
				97A47C182B24152900E45296 /* MovieDetailView.swift */,
			);
			path = MovieDetail;
			sourceTree = "<group>";
		};
		97A47C0F2B2414EA00E45296 /* ViewModels */ = {
			isa = PBXGroup;
			children = (
				97A47C102B2414F500E45296 /* MovieListViewModel.swift */,
				97A3CCC32B268C66000C1EB3 /* MovieDetailViewModel.swift */,
			);
			path = ViewModels;
			sourceTree = "<group>";
		};
		999F6BBB5A9CCC5827877D79 /* Frameworks */ = {
			isa = PBXGroup;
			children = (
				44A40530851C2B8D824FEB0E /* Pods_MyMovieApp.framework */,
				8CA2F0D739ED3DB9BDD4CABB /* Pods_MyMovieApp_MyMovieAppUITests.framework */,
				65091746298C32FC9084BE07 /* Pods_MyMovieAppTests.framework */,
			);
			name = Frameworks;
			sourceTree = "<group>";
		};
/* End PBXGroup section */

/* Begin PBXNativeTarget section */
		97A47BD02B2413E600E45296 /* MyMovieApp */ = {
			isa = PBXNativeTarget;
			buildConfigurationList = 97A47BF52B2413EA00E45296 /* Build configuration list for PBXNativeTarget "MyMovieApp" */;
			buildPhases = (
				FCF8905C35F80CD227C47256 /* [CP] Check Pods Manifest.lock */,
				97A47BCD2B2413E600E45296 /* Sources */,
				97A47BCE2B2413E600E45296 /* Frameworks */,
				97A47BCF2B2413E600E45296 /* Resources */,
				DB599EF14D334C8468C3DF43 /* [CP] Embed Pods Frameworks */,
			);
			buildRules = (
			);
			dependencies = (
			);
			name = MyMovieApp;
			productName = MyMovieApp;
			productReference = 97A47BD12B2413E600E45296 /* MyMovieApp.app */;
			productType = "com.apple.product-type.application";
		};
		97A47BE02B2413EA00E45296 /* MyMovieAppTests */ = {
			isa = PBXNativeTarget;
			buildConfigurationList = 97A47BF82B2413EA00E45296 /* Build configuration list for PBXNativeTarget "MyMovieAppTests" */;
			buildPhases = (
				BF713158D9DDE813AF100A40 /* [CP] Check Pods Manifest.lock */,
				97A47BDD2B2413EA00E45296 /* Sources */,
				97A47BDE2B2413EA00E45296 /* Frameworks */,
				97A47BDF2B2413EA00E45296 /* Resources */,
			);
			buildRules = (
			);
			dependencies = (
				97A47BE32B2413EA00E45296 /* PBXTargetDependency */,
			);
			name = MyMovieAppTests;
			productName = MyMovieAppTests;
			productReference = 97A47BE12B2413EA00E45296 /* MyMovieAppTests.xctest */;
			productType = "com.apple.product-type.bundle.unit-test";
		};
		97A47BEA2B2413EA00E45296 /* MyMovieAppUITests */ = {
			isa = PBXNativeTarget;
			buildConfigurationList = 97A47BFB2B2413EA00E45296 /* Build configuration list for PBXNativeTarget "MyMovieAppUITests" */;
			buildPhases = (
				4F82525B779C00946DB07D73 /* [CP] Check Pods Manifest.lock */,
				97A47BE72B2413EA00E45296 /* Sources */,
				97A47BE82B2413EA00E45296 /* Frameworks */,
				97A47BE92B2413EA00E45296 /* Resources */,
				87E053A098F1DA83EB2E5E41 /* [CP] Embed Pods Frameworks */,
			);
			buildRules = (
			);
			dependencies = (
				97A47BED2B2413EA00E45296 /* PBXTargetDependency */,
			);
			name = MyMovieAppUITests;
			productName = MyMovieAppUITests;
			productReference = 97A47BEB2B2413EA00E45296 /* MyMovieAppUITests.xctest */;
			productType = "com.apple.product-type.bundle.ui-testing";
		};
/* End PBXNativeTarget section */

/* Begin PBXProject section */
		97A47BC92B2413E600E45296 /* Project object */ = {
			isa = PBXProject;
			attributes = {
				BuildIndependentTargetsInParallel = 1;
				LastSwiftUpdateCheck = 1500;
				LastUpgradeCheck = 1500;
				TargetAttributes = {
					97A47BD02B2413E600E45296 = {
						CreatedOnToolsVersion = 15.0.1;
					};
					97A47BE02B2413EA00E45296 = {
						CreatedOnToolsVersion = 15.0.1;
						TestTargetID = 97A47BD02B2413E600E45296;
					};
					97A47BEA2B2413EA00E45296 = {
						CreatedOnToolsVersion = 15.0.1;
						TestTargetID = 97A47BD02B2413E600E45296;
					};
				};
			};
			buildConfigurationList = 97A47BCC2B2413E600E45296 /* Build configuration list for PBXProject "MyMovieApp" */;
			compatibilityVersion = "Xcode 14.0";
			developmentRegion = en;
			hasScannedForEncodings = 0;
			knownRegions = (
				en,
				Base,
			);
			mainGroup = 97A47BC82B2413E600E45296;
			productRefGroup = 97A47BD22B2413E600E45296 /* Products */;
			projectDirPath = "";
			projectRoot = "";
			targets = (
				97A47BD02B2413E600E45296 /* MyMovieApp */,
				97A47BE02B2413EA00E45296 /* MyMovieAppTests */,
				97A47BEA2B2413EA00E45296 /* MyMovieAppUITests */,
			);
		};
/* End PBXProject section */

/* Begin PBXResourcesBuildPhase section */
		97A47BCF2B2413E600E45296 /* Resources */ = {
			isa = PBXResourcesBuildPhase;
			buildActionMask = 2147483647;
			files = (
				97A47BDC2B2413EA00E45296 /* Preview Assets.xcassets in Resources */,
				97A47BD92B2413EA00E45296 /* Assets.xcassets in Resources */,
			);
			runOnlyForDeploymentPostprocessing = 0;
		};
		97A47BDF2B2413EA00E45296 /* Resources */ = {
			isa = PBXResourcesBuildPhase;
			buildActionMask = 2147483647;
			files = (
			);
			runOnlyForDeploymentPostprocessing = 0;
		};
		97A47BE92B2413EA00E45296 /* Resources */ = {
			isa = PBXResourcesBuildPhase;
			buildActionMask = 2147483647;
			files = (
			);
			runOnlyForDeploymentPostprocessing = 0;
		};
/* End PBXResourcesBuildPhase section */

/* Begin PBXShellScriptBuildPhase section */
		4F82525B779C00946DB07D73 /* [CP] Check Pods Manifest.lock */ = {
			isa = PBXShellScriptBuildPhase;
			buildActionMask = 2147483647;
			files = (
			);
			inputFileListPaths = (
			);
			inputPaths = (
				"${PODS_PODFILE_DIR_PATH}/Podfile.lock",
				"${PODS_ROOT}/Manifest.lock",
			);
			name = "[CP] Check Pods Manifest.lock";
			outputFileListPaths = (
			);
			outputPaths = (
				"$(DERIVED_FILE_DIR)/Pods-MyMovieApp-MyMovieAppUITests-checkManifestLockResult.txt",
			);
			runOnlyForDeploymentPostprocessing = 0;
			shellPath = /bin/sh;
			shellScript = "diff \"${PODS_PODFILE_DIR_PATH}/Podfile.lock\" \"${PODS_ROOT}/Manifest.lock\" > /dev/null\nif [ $? != 0 ] ; then\n    # print error to STDERR\n    echo \"error: The sandbox is not in sync with the Podfile.lock. Run 'pod install' or update your CocoaPods installation.\" >&2\n    exit 1\nfi\n# This output is used by Xcode 'outputs' to avoid re-running this script phase.\necho \"SUCCESS\" > \"${SCRIPT_OUTPUT_FILE_0}\"\n";
			showEnvVarsInLog = 0;
		};
		87E053A098F1DA83EB2E5E41 /* [CP] Embed Pods Frameworks */ = {
			isa = PBXShellScriptBuildPhase;
			buildActionMask = 2147483647;
			files = (
			);
			inputFileListPaths = (
				"${PODS_ROOT}/Target Support Files/Pods-MyMovieApp-MyMovieAppUITests/Pods-MyMovieApp-MyMovieAppUITests-frameworks-${CONFIGURATION}-input-files.xcfilelist",
			);
			name = "[CP] Embed Pods Frameworks";
			outputFileListPaths = (
				"${PODS_ROOT}/Target Support Files/Pods-MyMovieApp-MyMovieAppUITests/Pods-MyMovieApp-MyMovieAppUITests-frameworks-${CONFIGURATION}-output-files.xcfilelist",
			);
			runOnlyForDeploymentPostprocessing = 0;
			shellPath = /bin/sh;
			shellScript = "\"${PODS_ROOT}/Target Support Files/Pods-MyMovieApp-MyMovieAppUITests/Pods-MyMovieApp-MyMovieAppUITests-frameworks.sh\"\n";
			showEnvVarsInLog = 0;
		};
		BF713158D9DDE813AF100A40 /* [CP] Check Pods Manifest.lock */ = {
			isa = PBXShellScriptBuildPhase;
			buildActionMask = 2147483647;
			files = (
			);
			inputFileListPaths = (
			);
			inputPaths = (
				"${PODS_PODFILE_DIR_PATH}/Podfile.lock",
				"${PODS_ROOT}/Manifest.lock",
			);
			name = "[CP] Check Pods Manifest.lock";
			outputFileListPaths = (
			);
			outputPaths = (
				"$(DERIVED_FILE_DIR)/Pods-MyMovieAppTests-checkManifestLockResult.txt",
			);
			runOnlyForDeploymentPostprocessing = 0;
			shellPath = /bin/sh;
			shellScript = "diff \"${PODS_PODFILE_DIR_PATH}/Podfile.lock\" \"${PODS_ROOT}/Manifest.lock\" > /dev/null\nif [ $? != 0 ] ; then\n    # print error to STDERR\n    echo \"error: The sandbox is not in sync with the Podfile.lock. Run 'pod install' or update your CocoaPods installation.\" >&2\n    exit 1\nfi\n# This output is used by Xcode 'outputs' to avoid re-running this script phase.\necho \"SUCCESS\" > \"${SCRIPT_OUTPUT_FILE_0}\"\n";
			showEnvVarsInLog = 0;
		};
		DB599EF14D334C8468C3DF43 /* [CP] Embed Pods Frameworks */ = {
			isa = PBXShellScriptBuildPhase;
			buildActionMask = 2147483647;
			files = (
			);
			inputFileListPaths = (
				"${PODS_ROOT}/Target Support Files/Pods-MyMovieApp/Pods-MyMovieApp-frameworks-${CONFIGURATION}-input-files.xcfilelist",
			);
			name = "[CP] Embed Pods Frameworks";
			outputFileListPaths = (
				"${PODS_ROOT}/Target Support Files/Pods-MyMovieApp/Pods-MyMovieApp-frameworks-${CONFIGURATION}-output-files.xcfilelist",
			);
			runOnlyForDeploymentPostprocessing = 0;
			shellPath = /bin/sh;
			shellScript = "\"${PODS_ROOT}/Target Support Files/Pods-MyMovieApp/Pods-MyMovieApp-frameworks.sh\"\n";
			showEnvVarsInLog = 0;
		};
		FCF8905C35F80CD227C47256 /* [CP] Check Pods Manifest.lock */ = {
			isa = PBXShellScriptBuildPhase;
			buildActionMask = 2147483647;
			files = (
			);
			inputFileListPaths = (
			);
			inputPaths = (
				"${PODS_PODFILE_DIR_PATH}/Podfile.lock",
				"${PODS_ROOT}/Manifest.lock",
			);
			name = "[CP] Check Pods Manifest.lock";
			outputFileListPaths = (
			);
			outputPaths = (
				"$(DERIVED_FILE_DIR)/Pods-MyMovieApp-checkManifestLockResult.txt",
			);
			runOnlyForDeploymentPostprocessing = 0;
			shellPath = /bin/sh;
			shellScript = "diff \"${PODS_PODFILE_DIR_PATH}/Podfile.lock\" \"${PODS_ROOT}/Manifest.lock\" > /dev/null\nif [ $? != 0 ] ; then\n    # print error to STDERR\n    echo \"error: The sandbox is not in sync with the Podfile.lock. Run 'pod install' or update your CocoaPods installation.\" >&2\n    exit 1\nfi\n# This output is used by Xcode 'outputs' to avoid re-running this script phase.\necho \"SUCCESS\" > \"${SCRIPT_OUTPUT_FILE_0}\"\n";
			showEnvVarsInLog = 0;
		};
/* End PBXShellScriptBuildPhase section */

/* Begin PBXSourcesBuildPhase section */
		97A47BCD2B2413E600E45296 /* Sources */ = {
			isa = PBXSourcesBuildPhase;
			buildActionMask = 2147483647;
			files = (
				97A47C152B24151200E45296 /* MovieListItemView.swift in Sources */,
				97A47C132B24150B00E45296 /* MovieListView.swift in Sources */,
				9770B7A82B27B59400E796BF /* MockMovieService.swift in Sources */,
				97A47C112B2414F500E45296 /* MovieListViewModel.swift in Sources */,
				97A47C192B24152900E45296 /* MovieDetailView.swift in Sources */,
				97A47BD52B2413E600E45296 /* MyMovieApp.swift in Sources */,
				97A3CCC42B268C66000C1EB3 /* MovieDetailViewModel.swift in Sources */,
				97A47C012B24147D00E45296 /* SceneDelegate.swift in Sources */,
				97A3CCC22B2633CC000C1EB3 /* SearchBar.swift in Sources */,
				97A47C172B24151C00E45296 /* MoviePosterView.swift in Sources */,
				970155C82B2809660007BD9F /* ErrorView.swift in Sources */,
			);
			runOnlyForDeploymentPostprocessing = 0;
		};
		97A47BDD2B2413EA00E45296 /* Sources */ = {
			isa = PBXSourcesBuildPhase;
			buildActionMask = 2147483647;
			files = (
				9770B7A52B27B54800E796BF /* MovieDetailViewTests.swift in Sources */,
				97A47BE62B2413EA00E45296 /* MyMovieAppTests.swift in Sources */,
				9738F9092B277B7B00B9962D /* MovieListViewModelTests.swift in Sources */,
			);
			runOnlyForDeploymentPostprocessing = 0;
		};
		97A47BE72B2413EA00E45296 /* Sources */ = {
			isa = PBXSourcesBuildPhase;
			buildActionMask = 2147483647;
			files = (
				97A47BF02B2413EA00E45296 /* MyMovieAppUITests.swift in Sources */,
				97A47BF22B2413EA00E45296 /* MyMovieAppUITestsLaunchTests.swift in Sources */,
			);
			runOnlyForDeploymentPostprocessing = 0;
		};
/* End PBXSourcesBuildPhase section */

/* Begin PBXTargetDependency section */
		97A47BE32B2413EA00E45296 /* PBXTargetDependency */ = {
			isa = PBXTargetDependency;
			target = 97A47BD02B2413E600E45296 /* MyMovieApp */;
			targetProxy = 97A47BE22B2413EA00E45296 /* PBXContainerItemProxy */;
		};
		97A47BED2B2413EA00E45296 /* PBXTargetDependency */ = {
			isa = PBXTargetDependency;
			target = 97A47BD02B2413E600E45296 /* MyMovieApp */;
			targetProxy = 97A47BEC2B2413EA00E45296 /* PBXContainerItemProxy */;
		};
/* End PBXTargetDependency section */

/* Begin XCBuildConfiguration section */
		97A47BF32B2413EA00E45296 /* Debug */ = {
			isa = XCBuildConfiguration;
			buildSettings = {
				ALWAYS_SEARCH_USER_PATHS = NO;
				ASSETCATALOG_COMPILER_GENERATE_SWIFT_ASSET_SYMBOL_EXTENSIONS = YES;
				CLANG_ANALYZER_NONNULL = YES;
				CLANG_ANALYZER_NUMBER_OBJECT_CONVERSION = YES_AGGRESSIVE;
				CLANG_CXX_LANGUAGE_STANDARD = "gnu++20";
				CLANG_ENABLE_MODULES = YES;
				CLANG_ENABLE_OBJC_ARC = YES;
				CLANG_ENABLE_OBJC_WEAK = YES;
				CLANG_WARN_BLOCK_CAPTURE_AUTORELEASING = YES;
				CLANG_WARN_BOOL_CONVERSION = YES;
				CLANG_WARN_COMMA = YES;
				CLANG_WARN_CONSTANT_CONVERSION = YES;
				CLANG_WARN_DEPRECATED_OBJC_IMPLEMENTATIONS = YES;
				CLANG_WARN_DIRECT_OBJC_ISA_USAGE = YES_ERROR;
				CLANG_WARN_DOCUMENTATION_COMMENTS = YES;
				CLANG_WARN_EMPTY_BODY = YES;
				CLANG_WARN_ENUM_CONVERSION = YES;
				CLANG_WARN_INFINITE_RECURSION = YES;
				CLANG_WARN_INT_CONVERSION = YES;
				CLANG_WARN_NON_LITERAL_NULL_CONVERSION = YES;
				CLANG_WARN_OBJC_IMPLICIT_RETAIN_SELF = YES;
				CLANG_WARN_OBJC_LITERAL_CONVERSION = YES;
				CLANG_WARN_OBJC_ROOT_CLASS = YES_ERROR;
				CLANG_WARN_QUOTED_INCLUDE_IN_FRAMEWORK_HEADER = YES;
				CLANG_WARN_RANGE_LOOP_ANALYSIS = YES;
				CLANG_WARN_STRICT_PROTOTYPES = YES;
				CLANG_WARN_SUSPICIOUS_MOVE = YES;
				CLANG_WARN_UNGUARDED_AVAILABILITY = YES_AGGRESSIVE;
				CLANG_WARN_UNREACHABLE_CODE = YES;
				CLANG_WARN__DUPLICATE_METHOD_MATCH = YES;
				COPY_PHASE_STRIP = NO;
				DEBUG_INFORMATION_FORMAT = dwarf;
				ENABLE_STRICT_OBJC_MSGSEND = YES;
				ENABLE_TESTABILITY = YES;
				ENABLE_USER_SCRIPT_SANDBOXING = YES;
				GCC_C_LANGUAGE_STANDARD = gnu17;
				GCC_DYNAMIC_NO_PIC = NO;
				GCC_NO_COMMON_BLOCKS = YES;
				GCC_OPTIMIZATION_LEVEL = 0;
				GCC_PREPROCESSOR_DEFINITIONS = (
					"DEBUG=1",
					"$(inherited)",
				);
				GCC_WARN_64_TO_32_BIT_CONVERSION = YES;
				GCC_WARN_ABOUT_RETURN_TYPE = YES_ERROR;
				GCC_WARN_UNDECLARED_SELECTOR = YES;
				GCC_WARN_UNINITIALIZED_AUTOS = YES_AGGRESSIVE;
				GCC_WARN_UNUSED_FUNCTION = YES;
				GCC_WARN_UNUSED_VARIABLE = YES;
				IPHONEOS_DEPLOYMENT_TARGET = 17.0;
				LOCALIZATION_PREFERS_STRING_CATALOGS = YES;
				MTL_ENABLE_DEBUG_INFO = INCLUDE_SOURCE;
				MTL_FAST_MATH = YES;
				ONLY_ACTIVE_ARCH = YES;
				SDKROOT = iphoneos;
				SWIFT_ACTIVE_COMPILATION_CONDITIONS = "DEBUG $(inherited)";
				SWIFT_OPTIMIZATION_LEVEL = "-Onone";
			};
			name = Debug;
		};
		97A47BF42B2413EA00E45296 /* Release */ = {
			isa = XCBuildConfiguration;
			buildSettings = {
				ALWAYS_SEARCH_USER_PATHS = NO;
				ASSETCATALOG_COMPILER_GENERATE_SWIFT_ASSET_SYMBOL_EXTENSIONS = YES;
				CLANG_ANALYZER_NONNULL = YES;
				CLANG_ANALYZER_NUMBER_OBJECT_CONVERSION = YES_AGGRESSIVE;
				CLANG_CXX_LANGUAGE_STANDARD = "gnu++20";
				CLANG_ENABLE_MODULES = YES;
				CLANG_ENABLE_OBJC_ARC = YES;
				CLANG_ENABLE_OBJC_WEAK = YES;
				CLANG_WARN_BLOCK_CAPTURE_AUTORELEASING = YES;
				CLANG_WARN_BOOL_CONVERSION = YES;
				CLANG_WARN_COMMA = YES;
				CLANG_WARN_CONSTANT_CONVERSION = YES;
				CLANG_WARN_DEPRECATED_OBJC_IMPLEMENTATIONS = YES;
				CLANG_WARN_DIRECT_OBJC_ISA_USAGE = YES_ERROR;
				CLANG_WARN_DOCUMENTATION_COMMENTS = YES;
				CLANG_WARN_EMPTY_BODY = YES;
				CLANG_WARN_ENUM_CONVERSION = YES;
				CLANG_WARN_INFINITE_RECURSION = YES;
				CLANG_WARN_INT_CONVERSION = YES;
				CLANG_WARN_NON_LITERAL_NULL_CONVERSION = YES;
				CLANG_WARN_OBJC_IMPLICIT_RETAIN_SELF = YES;
				CLANG_WARN_OBJC_LITERAL_CONVERSION = YES;
				CLANG_WARN_OBJC_ROOT_CLASS = YES_ERROR;
				CLANG_WARN_QUOTED_INCLUDE_IN_FRAMEWORK_HEADER = YES;
				CLANG_WARN_RANGE_LOOP_ANALYSIS = YES;
				CLANG_WARN_STRICT_PROTOTYPES = YES;
				CLANG_WARN_SUSPICIOUS_MOVE = YES;
				CLANG_WARN_UNGUARDED_AVAILABILITY = YES_AGGRESSIVE;
				CLANG_WARN_UNREACHABLE_CODE = YES;
				CLANG_WARN__DUPLICATE_METHOD_MATCH = YES;
				COPY_PHASE_STRIP = NO;
				DEBUG_INFORMATION_FORMAT = "dwarf-with-dsym";
				ENABLE_NS_ASSERTIONS = NO;
				ENABLE_STRICT_OBJC_MSGSEND = YES;
				ENABLE_USER_SCRIPT_SANDBOXING = YES;
				GCC_C_LANGUAGE_STANDARD = gnu17;
				GCC_NO_COMMON_BLOCKS = YES;
				GCC_WARN_64_TO_32_BIT_CONVERSION = YES;
				GCC_WARN_ABOUT_RETURN_TYPE = YES_ERROR;
				GCC_WARN_UNDECLARED_SELECTOR = YES;
				GCC_WARN_UNINITIALIZED_AUTOS = YES_AGGRESSIVE;
				GCC_WARN_UNUSED_FUNCTION = YES;
				GCC_WARN_UNUSED_VARIABLE = YES;
				IPHONEOS_DEPLOYMENT_TARGET = 17.0;
				LOCALIZATION_PREFERS_STRING_CATALOGS = YES;
				MTL_ENABLE_DEBUG_INFO = NO;
				MTL_FAST_MATH = YES;
				SDKROOT = iphoneos;
				SWIFT_COMPILATION_MODE = wholemodule;
				VALIDATE_PRODUCT = YES;
			};
			name = Release;
		};
		97A47BF62B2413EA00E45296 /* Debug */ = {
			isa = XCBuildConfiguration;
			baseConfigurationReference = 56401E75647567E8D15F9FAB /* Pods-MyMovieApp.debug.xcconfig */;
			buildSettings = {
				ASSETCATALOG_COMPILER_APPICON_NAME = AppIcon;
				ASSETCATALOG_COMPILER_GLOBAL_ACCENT_COLOR_NAME = AccentColor;
				CODE_SIGN_STYLE = Automatic;
				CURRENT_PROJECT_VERSION = 1;
				DEVELOPMENT_ASSET_PATHS = "\"MyMovieApp/Preview Content\"";
				DEVELOPMENT_TEAM = G7EA55P48L;
				ENABLE_PREVIEWS = YES;
				ENABLE_USER_SCRIPT_SANDBOXING = NO;
				GENERATE_INFOPLIST_FILE = YES;
				INFOPLIST_KEY_UIApplicationSceneManifest_Generation = YES;
				INFOPLIST_KEY_UIApplicationSupportsIndirectInputEvents = YES;
				INFOPLIST_KEY_UILaunchScreen_Generation = YES;
				INFOPLIST_KEY_UISupportedInterfaceOrientations_iPad = "UIInterfaceOrientationPortrait UIInterfaceOrientationPortraitUpsideDown UIInterfaceOrientationLandscapeLeft UIInterfaceOrientationLandscapeRight";
				INFOPLIST_KEY_UISupportedInterfaceOrientations_iPhone = "UIInterfaceOrientationPortrait UIInterfaceOrientationLandscapeLeft UIInterfaceOrientationLandscapeRight";
				LD_RUNPATH_SEARCH_PATHS = (
					"$(inherited)",
					"@executable_path/Frameworks",
				);
				MARKETING_VERSION = 1.0;
				PRODUCT_BUNDLE_IDENTIFIER = ifood.netomoura.MyMovieApp;
				PRODUCT_NAME = "$(TARGET_NAME)";
				SWIFT_EMIT_LOC_STRINGS = YES;
				SWIFT_VERSION = 5.0;
				TARGETED_DEVICE_FAMILY = "1,2";
			};
			name = Debug;
		};
		97A47BF72B2413EA00E45296 /* Release */ = {
			isa = XCBuildConfiguration;
			baseConfigurationReference = A033175CB47713E4A4847485 /* Pods-MyMovieApp.release.xcconfig */;
			buildSettings = {
				ASSETCATALOG_COMPILER_APPICON_NAME = AppIcon;
				ASSETCATALOG_COMPILER_GLOBAL_ACCENT_COLOR_NAME = AccentColor;
				CODE_SIGN_STYLE = Automatic;
				CURRENT_PROJECT_VERSION = 1;
				DEVELOPMENT_ASSET_PATHS = "\"MyMovieApp/Preview Content\"";
				DEVELOPMENT_TEAM = G7EA55P48L;
				ENABLE_PREVIEWS = YES;
				ENABLE_USER_SCRIPT_SANDBOXING = NO;
				GENERATE_INFOPLIST_FILE = YES;
				INFOPLIST_KEY_UIApplicationSceneManifest_Generation = YES;
				INFOPLIST_KEY_UIApplicationSupportsIndirectInputEvents = YES;
				INFOPLIST_KEY_UILaunchScreen_Generation = YES;
				INFOPLIST_KEY_UISupportedInterfaceOrientations_iPad = "UIInterfaceOrientationPortrait UIInterfaceOrientationPortraitUpsideDown UIInterfaceOrientationLandscapeLeft UIInterfaceOrientationLandscapeRight";
				INFOPLIST_KEY_UISupportedInterfaceOrientations_iPhone = "UIInterfaceOrientationPortrait UIInterfaceOrientationLandscapeLeft UIInterfaceOrientationLandscapeRight";
				LD_RUNPATH_SEARCH_PATHS = (
					"$(inherited)",
					"@executable_path/Frameworks",
				);
				MARKETING_VERSION = 1.0;
				PRODUCT_BUNDLE_IDENTIFIER = ifood.netomoura.MyMovieApp;
				PRODUCT_NAME = "$(TARGET_NAME)";
				SWIFT_EMIT_LOC_STRINGS = YES;
				SWIFT_VERSION = 5.0;
				TARGETED_DEVICE_FAMILY = "1,2";
			};
			name = Release;
		};
		97A47BF92B2413EA00E45296 /* Debug */ = {
			isa = XCBuildConfiguration;
			baseConfigurationReference = DECE077E7DAB02AC6AB2A558 /* Pods-MyMovieAppTests.debug.xcconfig */;
			buildSettings = {
				ALWAYS_EMBED_SWIFT_STANDARD_LIBRARIES = YES;
				BUNDLE_LOADER = "$(TEST_HOST)";
				CODE_SIGN_STYLE = Automatic;
				CURRENT_PROJECT_VERSION = 1;
				DEVELOPMENT_TEAM = G7EA55P48L;
				ENABLE_USER_SCRIPT_SANDBOXING = NO;
				GENERATE_INFOPLIST_FILE = YES;
				IPHONEOS_DEPLOYMENT_TARGET = 17.0;
				MARKETING_VERSION = 1.0;
				PRODUCT_BUNDLE_IDENTIFIER = ifood.netomoura.MyMovieAppTests;
				PRODUCT_NAME = "$(TARGET_NAME)";
				SWIFT_EMIT_LOC_STRINGS = NO;
				SWIFT_VERSION = 5.0;
				TARGETED_DEVICE_FAMILY = "1,2";
				TEST_HOST = "$(BUILT_PRODUCTS_DIR)/MyMovieApp.app/$(BUNDLE_EXECUTABLE_FOLDER_PATH)/MyMovieApp";
			};
			name = Debug;
		};
		97A47BFA2B2413EA00E45296 /* Release */ = {
			isa = XCBuildConfiguration;
			baseConfigurationReference = C0E6753D90689508058EDA48 /* Pods-MyMovieAppTests.release.xcconfig */;
			buildSettings = {
				ALWAYS_EMBED_SWIFT_STANDARD_LIBRARIES = YES;
				BUNDLE_LOADER = "$(TEST_HOST)";
				CODE_SIGN_STYLE = Automatic;
				CURRENT_PROJECT_VERSION = 1;
				DEVELOPMENT_TEAM = G7EA55P48L;
				ENABLE_USER_SCRIPT_SANDBOXING = NO;
				GENERATE_INFOPLIST_FILE = YES;
				IPHONEOS_DEPLOYMENT_TARGET = 17.0;
				MARKETING_VERSION = 1.0;
				PRODUCT_BUNDLE_IDENTIFIER = ifood.netomoura.MyMovieAppTests;
				PRODUCT_NAME = "$(TARGET_NAME)";
				SWIFT_EMIT_LOC_STRINGS = NO;
				SWIFT_VERSION = 5.0;
				TARGETED_DEVICE_FAMILY = "1,2";
				TEST_HOST = "$(BUILT_PRODUCTS_DIR)/MyMovieApp.app/$(BUNDLE_EXECUTABLE_FOLDER_PATH)/MyMovieApp";
			};
			name = Release;
		};
		97A47BFC2B2413EA00E45296 /* Debug */ = {
			isa = XCBuildConfiguration;
			baseConfigurationReference = FC08883242191436B60BA6B1 /* Pods-MyMovieApp-MyMovieAppUITests.debug.xcconfig */;
			buildSettings = {
				ALWAYS_EMBED_SWIFT_STANDARD_LIBRARIES = YES;
				CODE_SIGN_STYLE = Automatic;
				CURRENT_PROJECT_VERSION = 1;
				DEVELOPMENT_TEAM = G7EA55P48L;
				ENABLE_USER_SCRIPT_SANDBOXING = NO;
				GENERATE_INFOPLIST_FILE = YES;
				MARKETING_VERSION = 1.0;
				PRODUCT_BUNDLE_IDENTIFIER = ifood.netomoura.MyMovieAppUITests;
				PRODUCT_NAME = "$(TARGET_NAME)";
				SWIFT_EMIT_LOC_STRINGS = NO;
				SWIFT_VERSION = 5.0;
				TARGETED_DEVICE_FAMILY = "1,2";
				TEST_TARGET_NAME = MyMovieApp;
			};
			name = Debug;
		};
		97A47BFD2B2413EA00E45296 /* Release */ = {
			isa = XCBuildConfiguration;
			baseConfigurationReference = 6DC3BA30547081E8C49D1307 /* Pods-MyMovieApp-MyMovieAppUITests.release.xcconfig */;
			buildSettings = {
				ALWAYS_EMBED_SWIFT_STANDARD_LIBRARIES = YES;
				CODE_SIGN_STYLE = Automatic;
				CURRENT_PROJECT_VERSION = 1;
				DEVELOPMENT_TEAM = G7EA55P48L;
				ENABLE_USER_SCRIPT_SANDBOXING = NO;
				GENERATE_INFOPLIST_FILE = YES;
				MARKETING_VERSION = 1.0;
				PRODUCT_BUNDLE_IDENTIFIER = ifood.netomoura.MyMovieAppUITests;
				PRODUCT_NAME = "$(TARGET_NAME)";
				SWIFT_EMIT_LOC_STRINGS = NO;
				SWIFT_VERSION = 5.0;
				TARGETED_DEVICE_FAMILY = "1,2";
				TEST_TARGET_NAME = MyMovieApp;
			};
			name = Release;
		};
/* End XCBuildConfiguration section */

/* Begin XCConfigurationList section */
		97A47BCC2B2413E600E45296 /* Build configuration list for PBXProject "MyMovieApp" */ = {
			isa = XCConfigurationList;
			buildConfigurations = (
				97A47BF32B2413EA00E45296 /* Debug */,
				97A47BF42B2413EA00E45296 /* Release */,
			);
			defaultConfigurationIsVisible = 0;
			defaultConfigurationName = Release;
		};
		97A47BF52B2413EA00E45296 /* Build configuration list for PBXNativeTarget "MyMovieApp" */ = {
			isa = XCConfigurationList;
			buildConfigurations = (
				97A47BF62B2413EA00E45296 /* Debug */,
				97A47BF72B2413EA00E45296 /* Release */,
			);
			defaultConfigurationIsVisible = 0;
			defaultConfigurationName = Release;
		};
		97A47BF82B2413EA00E45296 /* Build configuration list for PBXNativeTarget "MyMovieAppTests" */ = {
			isa = XCConfigurationList;
			buildConfigurations = (
				97A47BF92B2413EA00E45296 /* Debug */,
				97A47BFA2B2413EA00E45296 /* Release */,
			);
			defaultConfigurationIsVisible = 0;
			defaultConfigurationName = Release;
		};
		97A47BFB2B2413EA00E45296 /* Build configuration list for PBXNativeTarget "MyMovieAppUITests" */ = {
			isa = XCConfigurationList;
			buildConfigurations = (
				97A47BFC2B2413EA00E45296 /* Debug */,
				97A47BFD2B2413EA00E45296 /* Release */,
			);
			defaultConfigurationIsVisible = 0;
			defaultConfigurationName = Release;
		};
/* End XCConfigurationList section */
	};
	rootObject = 97A47BC92B2413E600E45296 /* Project object */;
}
